
Microsoft Visual Studio Solution File, Format Version 12.00
# Visual Studio 14
VisualStudioVersion = 14.0.24720.0
MinimumVisualStudioVersion = 10.0.40219.1
Project("{FAE04EC0-301F-11D3-BF4B-00C04F79EFBC}") = "JohnHancock.ProjectCoeus", "JohnHancock.ProjectCoeus\JohnHancock.ProjectCoeus.csproj", "{EFB6B661-1B22-4FB4-B038-50FA5594FD84}"
EndProject
Project("{FAE04EC0-301F-11D3-BF4B-00C04F79EFBC}") = "JohnHancock.ProjectCoeus.Tests", "JohnHancock.ProjectCoeus.Tests\JohnHancock.ProjectCoeus.Tests.csproj", "{5A045F51-8977-4523-BA61-6DE12A0195B2}"
EndProject
Global
	GlobalSection(SolutionConfigurationPlatforms) = preSolution
		Debug|Any CPU = Debug|Any CPU
		Release|Any CPU = Release|Any CPU
	EndGlobalSection
	GlobalSection(ProjectConfigurationPlatforms) = postSolution
		{EFB6B661-1B22-4FB4-B038-50FA5594FD84}.Debug|Any CPU.ActiveCfg = Debug|Any CPU
		{EFB6B661-1B22-4FB4-B038-50FA5594FD84}.Debug|Any CPU.Build.0 = Debug|Any CPU
		{EFB6B661-1B22-4FB4-B038-50FA5594FD84}.Release|Any CPU.ActiveCfg = Release|Any CPU
		{EFB6B661-1B22-4FB4-B038-50FA5594FD84}.Release|Any CPU.Build.0 = Release|Any CPU
		{5A045F51-8977-4523-BA61-6DE12A0195B2}.Debug|Any CPU.ActiveCfg = Debug|Any CPU
		{5A045F51-8977-4523-BA61-6DE12A0195B2}.Debug|Any CPU.Build.0 = Debug|Any CPU
		{5A045F51-8977-4523-BA61-6DE12A0195B2}.Release|Any CPU.ActiveCfg = Release|Any CPU
		{5A045F51-8977-4523-BA61-6DE12A0195B2}.Release|Any CPU.Build.0 = Release|Any CPU
	EndGlobalSection
	GlobalSection(SolutionProperties) = preSolution
		HideSolutionNode = FALSE
	EndGlobalSection
EndGlobal
